
Microsoft Visual Studio Solution File, Format Version 12.00
# Visual Studio Version 17
VisualStudioVersion = 17.11.35327.3
MinimumVisualStudioVersion = 10.0.40219.1
Project("{FAE04EC0-301F-11D3-BF4B-00C04F79EFBC}") = "Perimetro de un cuadrado", "Perimetro de un cuadrado.csproj", "{B450E530-F6B7-4655-8451-FA185B2ACE62}"
EndProject
Global
	GlobalSection(SolutionConfigurationPlatforms) = preSolution
		Debug|Any CPU = Debug|Any CPU
		Release|Any CPU = Release|Any CPU
	EndGlobalSection
	GlobalSection(ProjectConfigurationPlatforms) = postSolution
		{B450E530-F6B7-4655-8451-FA185B2ACE62}.Debug|Any CPU.ActiveCfg = Debug|Any CPU
		{B450E530-F6B7-4655-8451-FA185B2ACE62}.Debug|Any CPU.Build.0 = Debug|Any CPU
		{B450E530-F6B7-4655-8451-FA185B2ACE62}.Release|Any CPU.ActiveCfg = Release|Any CPU
		{B450E530-F6B7-4655-8451-FA185B2ACE62}.Release|Any CPU.Build.0 = Release|Any CPU
	EndGlobalSection
	GlobalSection(SolutionProperties) = preSolution
		HideSolutionNode = FALSE
	EndGlobalSection
	GlobalSection(ExtensibilityGlobals) = postSolution
		SolutionGuid = {4B770782-DC17-48E8-B038-71BE6E1D026E}
	EndGlobalSection
EndGlobal
